
Microsoft Visual Studio Solution File, Format Version 12.00
# Visual Studio Version 17
VisualStudioVersion = 17.14.36408.4 d17.14
MinimumVisualStudioVersion = 10.0.40219.1
Project("{FAE04EC0-301F-11D3-BF4B-00C04F79EFBC}") = "Crypto_Store", "Crypto_Store.csproj", "{47FFE7CD-18F0-4CE7-9B04-7DE05ADE9635}"
EndProject
Global
	GlobalSection(SolutionConfigurationPlatforms) = preSolution
		Debug|Any CPU = Debug|Any CPU
		Release|Any CPU = Release|Any CPU
	EndGlobalSection
	GlobalSection(ProjectConfigurationPlatforms) = postSolution
		{47FFE7CD-18F0-4CE7-9B04-7DE05ADE9635}.Debug|Any CPU.ActiveCfg = Debug|Any CPU
		{47FFE7CD-18F0-4CE7-9B04-7DE05ADE9635}.Debug|Any CPU.Build.0 = Debug|Any CPU
		{47FFE7CD-18F0-4CE7-9B04-7DE05ADE9635}.Release|Any CPU.ActiveCfg = Release|Any CPU
		{47FFE7CD-18F0-4CE7-9B04-7DE05ADE9635}.Release|Any CPU.Build.0 = Release|Any CPU
	EndGlobalSection
	GlobalSection(SolutionProperties) = preSolution
		HideSolutionNode = FALSE
	EndGlobalSection
	GlobalSection(ExtensibilityGlobals) = postSolution
		SolutionGuid = {2153F4B0-28A6-4561-BB65-C068160F4C44}
	EndGlobalSection
EndGlobal
